
Microsoft Visual Studio Solution File, Format Version 12.00
# Visual Studio Version 17
VisualStudioVersion = 17.9.34616.47
MinimumVisualStudioVersion = 10.0.40219.1
Project("{FAE04EC0-301F-11D3-BF4B-00C04F79EFBC}") = "Todo", "Todo\Todo.csproj", "{0E1FF1B4-B883-438A-930B-7DCD68CB92F1}"
EndProject
Global
	GlobalSection(SolutionConfigurationPlatforms) = preSolution
		Debug|Any CPU = Debug|Any CPU
		Release|Any CPU = Release|Any CPU
	EndGlobalSection
	GlobalSection(ProjectConfigurationPlatforms) = postSolution
		{0E1FF1B4-B883-438A-930B-7DCD68CB92F1}.Debug|Any CPU.ActiveCfg = Debug|Any CPU
		{0E1FF1B4-B883-438A-930B-7DCD68CB92F1}.Debug|Any CPU.Build.0 = Debug|Any CPU
		{0E1FF1B4-B883-438A-930B-7DCD68CB92F1}.Release|Any CPU.ActiveCfg = Release|Any CPU
		{0E1FF1B4-B883-438A-930B-7DCD68CB92F1}.Release|Any CPU.Build.0 = Release|Any CPU
	EndGlobalSection
	GlobalSection(SolutionProperties) = preSolution
		HideSolutionNode = FALSE
	EndGlobalSection
	GlobalSection(ExtensibilityGlobals) = postSolution
		SolutionGuid = {688DB96B-520D-483E-99A6-529C6874F558}
	EndGlobalSection
EndGlobal
